
Microsoft Visual Studio Solution File, Format Version 12.00
# Visual Studio 15
VisualStudioVersion = 15.0.28010.2050
MinimumVisualStudioVersion = 10.0.40219.1
Project("{2150E333-8FDC-42A3-9474-1A3956D46DE8}") = "SharpGL", "SharpGL", "{D2B7C67A-2278-4AE5-B0E5-37CF0A6B9A3F}"
EndProject
Project("{FAE04EC0-301F-11D3-BF4B-00C04F79EFBC}") = "SharpGL", "SharpGL\SharpGL\SharpGL.csproj", "{5EF45533-E2C7-46F2-B4A3-B8F36CD406E0}"
EndProject
Project("{FAE04EC0-301F-11D3-BF4B-00C04F79EFBC}") = "SharpGL.SceneGraph", "SharpGL\SharpGL.SceneGraph\SharpGL.SceneGraph.csproj", "{47BCAA39-EDAD-4404-B6BD-4742B0ABB523}"
EndProject
Project("{FAE04EC0-301F-11D3-BF4B-00C04F79EFBC}") = "SharpGL.Serialization", "SharpGL\SharpGL.Serialization\SharpGL.Serialization.csproj", "{FDFA2632-A960-4778-A517-CA9E337C037C}"
EndProject
Project("{FAE04EC0-301F-11D3-BF4B-00C04F79EFBC}") = "SharpGL.WinForms", "SharpGL\SharpGL.WinForms\SharpGL.WinForms.csproj", "{B2984A6D-AD1C-4BE9-94AB-BA002B338751}"
EndProject
Project("{2150E333-8FDC-42A3-9474-1A3956D46DE8}") = "OpenGL_Room", "OpenGL_Room", "{F7519D7C-04EC-4ECB-A4A9-E367F560F4D6}"
EndProject
Project("{FAE04EC0-301F-11D3-BF4B-00C04F79EFBC}") = "GL_Room", "GL_Room\GL_Room.csproj", "{D113BF84-C53B-45E7-B278-E50D98E8A908}"
	ProjectSection(ProjectDependencies) = postProject
		{FDFA2632-A960-4778-A517-CA9E337C037C} = {FDFA2632-A960-4778-A517-CA9E337C037C}
		{5EF45533-E2C7-46F2-B4A3-B8F36CD406E0} = {5EF45533-E2C7-46F2-B4A3-B8F36CD406E0}
		{47BCAA39-EDAD-4404-B6BD-4742B0ABB523} = {47BCAA39-EDAD-4404-B6BD-4742B0ABB523}
		{B2984A6D-AD1C-4BE9-94AB-BA002B338751} = {B2984A6D-AD1C-4BE9-94AB-BA002B338751}
	EndProjectSection
EndProject
Global
	GlobalSection(SolutionConfigurationPlatforms) = preSolution
		Debug|Any CPU = Debug|Any CPU
		Debug|x86 = Debug|x86
		Release|Any CPU = Release|Any CPU
		Release|x86 = Release|x86
	EndGlobalSection
	GlobalSection(ProjectConfigurationPlatforms) = postSolution
		{5EF45533-E2C7-46F2-B4A3-B8F36CD406E0}.Debug|Any CPU.ActiveCfg = Debug|Any CPU
		{5EF45533-E2C7-46F2-B4A3-B8F36CD406E0}.Debug|Any CPU.Build.0 = Debug|Any CPU
		{5EF45533-E2C7-46F2-B4A3-B8F36CD406E0}.Debug|x86.ActiveCfg = Debug|Any CPU
		{5EF45533-E2C7-46F2-B4A3-B8F36CD406E0}.Debug|x86.Build.0 = Debug|Any CPU
		{5EF45533-E2C7-46F2-B4A3-B8F36CD406E0}.Release|Any CPU.ActiveCfg = Release|Any CPU
		{5EF45533-E2C7-46F2-B4A3-B8F36CD406E0}.Release|Any CPU.Build.0 = Release|Any CPU
		{5EF45533-E2C7-46F2-B4A3-B8F36CD406E0}.Release|x86.ActiveCfg = Release|Any CPU
		{5EF45533-E2C7-46F2-B4A3-B8F36CD406E0}.Release|x86.Build.0 = Release|Any CPU
		{47BCAA39-EDAD-4404-B6BD-4742B0ABB523}.Debug|Any CPU.ActiveCfg = Debug|Any CPU
		{47BCAA39-EDAD-4404-B6BD-4742B0ABB523}.Debug|Any CPU.Build.0 = Debug|Any CPU
		{47BCAA39-EDAD-4404-B6BD-4742B0ABB523}.Debug|x86.ActiveCfg = Debug|Any CPU
		{47BCAA39-EDAD-4404-B6BD-4742B0ABB523}.Debug|x86.Build.0 = Debug|Any CPU
		{47BCAA39-EDAD-4404-B6BD-4742B0ABB523}.Release|Any CPU.ActiveCfg = Release|Any CPU
		{47BCAA39-EDAD-4404-B6BD-4742B0ABB523}.Release|Any CPU.Build.0 = Release|Any CPU
		{47BCAA39-EDAD-4404-B6BD-4742B0ABB523}.Release|x86.ActiveCfg = Release|Any CPU
		{47BCAA39-EDAD-4404-B6BD-4742B0ABB523}.Release|x86.Build.0 = Release|Any CPU
		{FDFA2632-A960-4778-A517-CA9E337C037C}.Debug|Any CPU.ActiveCfg = Debug|Any CPU
		{FDFA2632-A960-4778-A517-CA9E337C037C}.Debug|Any CPU.Build.0 = Debug|Any CPU
		{FDFA2632-A960-4778-A517-CA9E337C037C}.Debug|x86.ActiveCfg = Debug|Any CPU
		{FDFA2632-A960-4778-A517-CA9E337C037C}.Debug|x86.Build.0 = Debug|Any CPU
		{FDFA2632-A960-4778-A517-CA9E337C037C}.Release|Any CPU.ActiveCfg = Release|Any CPU
		{FDFA2632-A960-4778-A517-CA9E337C037C}.Release|Any CPU.Build.0 = Release|Any CPU
		{FDFA2632-A960-4778-A517-CA9E337C037C}.Release|x86.ActiveCfg = Release|Any CPU
		{FDFA2632-A960-4778-A517-CA9E337C037C}.Release|x86.Build.0 = Release|Any CPU
		{B2984A6D-AD1C-4BE9-94AB-BA002B338751}.Debug|Any CPU.ActiveCfg = Debug|Any CPU
		{B2984A6D-AD1C-4BE9-94AB-BA002B338751}.Debug|Any CPU.Build.0 = Debug|Any CPU
		{B2984A6D-AD1C-4BE9-94AB-BA002B338751}.Debug|x86.ActiveCfg = Debug|Any CPU
		{B2984A6D-AD1C-4BE9-94AB-BA002B338751}.Debug|x86.Build.0 = Debug|Any CPU
		{B2984A6D-AD1C-4BE9-94AB-BA002B338751}.Release|Any CPU.ActiveCfg = Release|Any CPU
		{B2984A6D-AD1C-4BE9-94AB-BA002B338751}.Release|Any CPU.Build.0 = Release|Any CPU
		{B2984A6D-AD1C-4BE9-94AB-BA002B338751}.Release|x86.ActiveCfg = Release|Any CPU
		{B2984A6D-AD1C-4BE9-94AB-BA002B338751}.Release|x86.Build.0 = Release|Any CPU
		{D113BF84-C53B-45E7-B278-E50D98E8A908}.Debug|Any CPU.ActiveCfg = Debug|Any CPU
		{D113BF84-C53B-45E7-B278-E50D98E8A908}.Debug|Any CPU.Build.0 = Debug|Any CPU
		{D113BF84-C53B-45E7-B278-E50D98E8A908}.Debug|x86.ActiveCfg = Debug|Any CPU
		{D113BF84-C53B-45E7-B278-E50D98E8A908}.Debug|x86.Build.0 = Debug|Any CPU
		{D113BF84-C53B-45E7-B278-E50D98E8A908}.Release|Any CPU.ActiveCfg = Release|Any CPU
		{D113BF84-C53B-45E7-B278-E50D98E8A908}.Release|Any CPU.Build.0 = Release|Any CPU
		{D113BF84-C53B-45E7-B278-E50D98E8A908}.Release|x86.ActiveCfg = Release|Any CPU
		{D113BF84-C53B-45E7-B278-E50D98E8A908}.Release|x86.Build.0 = Release|Any CPU
	EndGlobalSection
	GlobalSection(SolutionProperties) = preSolution
		HideSolutionNode = FALSE
	EndGlobalSection
	GlobalSection(NestedProjects) = preSolution
		{5EF45533-E2C7-46F2-B4A3-B8F36CD406E0} = {D2B7C67A-2278-4AE5-B0E5-37CF0A6B9A3F}
		{47BCAA39-EDAD-4404-B6BD-4742B0ABB523} = {D2B7C67A-2278-4AE5-B0E5-37CF0A6B9A3F}
		{FDFA2632-A960-4778-A517-CA9E337C037C} = {D2B7C67A-2278-4AE5-B0E5-37CF0A6B9A3F}
		{B2984A6D-AD1C-4BE9-94AB-BA002B338751} = {D2B7C67A-2278-4AE5-B0E5-37CF0A6B9A3F}
		{D113BF84-C53B-45E7-B278-E50D98E8A908} = {F7519D7C-04EC-4ECB-A4A9-E367F560F4D6}
	EndGlobalSection
	GlobalSection(ExtensibilityGlobals) = postSolution
		SolutionGuid = {1FFB8E6C-E4DB-4FD7-81C1-CBEE5F14B905}
	EndGlobalSection
EndGlobal
